
Microsoft Visual Studio Solution File, Format Version 12.00
Project("{FAE04EC0-301F-11D3-BF4B-00C04F79EFBC}") = "ClassLibrary1", "ClassLibrary1\ClassLibrary1.csproj", "{2405F3A0-27E2-4195-B591-4C692A69085D}"
EndProject
Project("{FAE04EC0-301F-11D3-BF4B-00C04F79EFBC}") = "ClassLibrary1.Tests", "ClassLibrary1.Tests\ClassLibrary1.Tests.csproj", "{80F7E66E-C7C8-4198-890A-ADA637B4A8A8}"
EndProject
Global
	GlobalSection(SolutionConfigurationPlatforms) = preSolution
		Debug|Any CPU = Debug|Any CPU
		Release|Any CPU = Release|Any CPU
	EndGlobalSection
	GlobalSection(ProjectConfigurationPlatforms) = postSolution
		{2405F3A0-27E2-4195-B591-4C692A69085D}.Debug|Any CPU.ActiveCfg = Debug|Any CPU
		{2405F3A0-27E2-4195-B591-4C692A69085D}.Debug|Any CPU.Build.0 = Debug|Any CPU
		{2405F3A0-27E2-4195-B591-4C692A69085D}.Release|Any CPU.ActiveCfg = Release|Any CPU
		{2405F3A0-27E2-4195-B591-4C692A69085D}.Release|Any CPU.Build.0 = Release|Any CPU
		{80F7E66E-C7C8-4198-890A-ADA637B4A8A8}.Debug|Any CPU.ActiveCfg = Debug|Any CPU
		{80F7E66E-C7C8-4198-890A-ADA637B4A8A8}.Debug|Any CPU.Build.0 = Debug|Any CPU
		{80F7E66E-C7C8-4198-890A-ADA637B4A8A8}.Release|Any CPU.ActiveCfg = Release|Any CPU
		{80F7E66E-C7C8-4198-890A-ADA637B4A8A8}.Release|Any CPU.Build.0 = Release|Any CPU
	EndGlobalSection
EndGlobal
